
Microsoft Visual Studio Solution File, Format Version 12.00
# Visual Studio Version 16
VisualStudioVersion = 16.0.30621.155
MinimumVisualStudioVersion = 10.0.40219.1
Project("{FAE04EC0-301F-11D3-BF4B-00C04F79EFBC}") = "CSharpSieve", "CSharpSieve\CSharpSieve.csproj", "{B1E306A5-CD95-4AB2-89DA-2A020196CC60}"
EndProject
Global
	GlobalSection(SolutionConfigurationPlatforms) = preSolution
		Debug|Any CPU = Debug|Any CPU
		Release|Any CPU = Release|Any CPU
	EndGlobalSection
	GlobalSection(ProjectConfigurationPlatforms) = postSolution
		{B1E306A5-CD95-4AB2-89DA-2A020196CC60}.Debug|Any CPU.ActiveCfg = Debug|Any CPU
		{B1E306A5-CD95-4AB2-89DA-2A020196CC60}.Debug|Any CPU.Build.0 = Debug|Any CPU
		{B1E306A5-CD95-4AB2-89DA-2A020196CC60}.Release|Any CPU.ActiveCfg = Release|Any CPU
		{B1E306A5-CD95-4AB2-89DA-2A020196CC60}.Release|Any CPU.Build.0 = Release|Any CPU
	EndGlobalSection
	GlobalSection(SolutionProperties) = preSolution
		HideSolutionNode = FALSE
	EndGlobalSection
	GlobalSection(ExtensibilityGlobals) = postSolution
		SolutionGuid = {13E4C76F-A9EC-48ED-8206-798AC12CC45F}
	EndGlobalSection
EndGlobal
